{
  "nodes": {
    "CCometixLine": {
      "inputs": {
        "flake-parts": "flake-parts",
        "nixpkgs": [
          "nixpkgs"
        ],
        "rust-overlay": "rust-overlay"
      },
      "locked": {
        "lastModified": 1782096553,
        "narHash": "sha256-WmqcWs0ZjMq/tkPnjfO2fQ3cJcekTk40N9K1fQqzK14=",
        "owner": "thinkgos",
        "repo": "CCometixLine",
        "rev": "cb5582d2e4a842376bcca4e4a02114dbd1c2a8e6",
        "type": "github"
      },
      "original": {
        "owner": "thinkgos",
        "repo": "CCometixLine",
        "type": "github"
      }
    },
    "anyrun": {
      "inputs": {
        "anyrun-provider": "anyrun-provider",
        "flake-parts": "flake-parts_2",
        "nixpkgs": [
          "nixpkgs"
        ],
        "systems": "systems"
      },
      "locked": {
        "lastModified": 1786695187,
        "narHash": "sha256-Cti4vd0Sa9VMnA1hoJHZpLyHU8ccJ1ekUe7gJK1yPkQ=",
        "owner": "anyrun-org",
        "repo": "anyrun",
        "rev": "fb366fb3db42427d170e03085e840194f809db75",
        "type": "github"
      },
      "original": {
        "owner": "anyrun-org",
        "repo": "anyrun",
        "type": "github"
      }
    },
    "anyrun-plugins": {
      "inputs": {
        "flake-parts": "flake-parts_3",
        "nixpkgs": [
          "nixpkgs"
        ],
        "rust-overlay": "rust-overlay_2"
      },
      "locked": {
        "lastModified": 1784381548,
        "narHash": "sha256-ng33m27mDmvvYZI43mh3+MDEdAIHMeK6Z/ZliqroGqw=",
        "owner": "thinkgos",
        "repo": "anyrun-plugins",
        "rev": "9d5706ea4ce8f3dfbaa6a014576da4d1d27ae138",
        "type": "github"
      },
      "original": {
        "owner": "thinkgos",
        "repo": "anyrun-plugins",
        "type": "github"
      }
    },
    "anyrun-provider": {
      "inputs": {
        "nixpkgs": [
          "anyrun",
          "nixpkgs"
        ]
      },
      "locked": {
        "lastModified": 1764705714,
        "narHash": "sha256-4rN2vWicM6Pn6eTo3Nu7IB5isbkc9u4arNMnY2+S8iM=",
        "owner": "anyrun-org",
        "repo": "anyrun-provider",
        "rev": "88a786e6029733a4c02c2c6b1024f65029b0b9cf",
        "type": "github"
      },
      "original": {
        "owner": "anyrun-org",
        "repo": "anyrun-provider",
        "type": "github"
      }
    },
    "aquamarine": {
      "inputs": {
        "hyprutils": [
          "hyprland",
          "hyprutils"
        ],
        "hyprwayland-scanner": [
          "hyprland",
          "hyprwayland-scanner"
        ],
        "nixpkgs": [
          "hyprland",
          "nixpkgs"
        ],
        "systems": [
          "hyprland",
          "systems"
        ]
      },
      "locked": {
        "lastModified": 1788016784,
        "narHash": "sha256-RO90Fk+Rn2Yy+I8oL4ePTLLKLgOAr8hrTx7tlpwdLaA=",
        "owner": "hyprwm",
        "repo": "aquamarine",
        "rev": "783bfd9ae441d1d0519b979ac68b73ddd6e81df0",
        "type": "github"
      },
      "original": {
        "owner": "hyprwm",
        "repo": "aquamarine",
        "type": "github"
      }
    },
    "base16": {
      "inputs": {
        "fromYaml": "fromYaml"
      },
      "locked": {
        "lastModified": 1755819240,
        "narHash": "sha256-qcMhnL7aGAuFuutH4rq9fvAhCpJWVHLcHVZLtPctPlo=",
        "owner": "SenchoPens",
        "repo": "base16.nix",
        "rev": "75ed5e5e3fce37df22e49125181fa37899c3ccd6",
        "type": "github"
      },
      "original": {
        "owner": "SenchoPens",
        "repo": "base16.nix",
        "type": "github"
      }
    },
    "base16-fish": {
      "flake": false,
      "locked": {
        "lastModified": 1765809053,
        "narHash": "sha256-XCUQLoLfBJ8saWms2HCIj4NEN+xNsWBlU1NrEPcQG4s=",
        "owner": "tomyun",
        "repo": "base16-fish",
        "rev": "86cbea4dca62e08fb7fd83a70e96472f92574782",
        "type": "github"
      },
      "original": {
        "owner": "tomyun",
        "repo": "base16-fish",
        "rev": "86cbea4dca62e08fb7fd83a70e96472f92574782",
        "type": "github"
      }
    },
    "base16-helix": {
      "flake": false,
      "locked": {
        "lastModified": 1776754714,
        "narHash": "sha256-E3OAK27smtATTmX45uoTSRsVD+Y+ZiVVfgM/tjpbtYg=",
        "owner": "tinted-theming",
        "repo": "base16-helix",
        "rev": "4d508123037e7851ad36ebf7d9c48b0e9e1eb581",
        "type": "github"
      },
      "original": {
        "owner": "tinted-theming",
        "repo": "base16-helix",
        "type": "github"
      }
    },
    "base16-vim": {
      "flake": false,
      "locked": {
        "lastModified": 1732806396,
        "narHash": "sha256-e0bpPySdJf0F68Ndanwm+KWHgQiZ0s7liLhvJSWDNsA=",
        "owner": "tinted-theming",
        "repo": "base16-vim",
        "rev": "577fe8125d74ff456cf942c733a85d769afe58b7",
        "type": "github"
      },
      "original": {
        "owner": "tinted-theming",
        "repo": "base16-vim",
        "rev": "577fe8125d74ff456cf942c733a85d769afe58b7",
        "type": "github"
      }
    },
    "firefox-gnome-theme": {
      "flake": false,
      "locked": {
        "lastModified": 1783570805,
        "narHash": "sha256-ptl5aRlCv9/uRSv2u8Hq8UFVFeZ6Q/bT049bpqNgc3w=",
        "owner": "rafaelmardojai",
        "repo": "firefox-gnome-theme",
        "rev": "5602ed62d638142c1ab31dccd01dfbfb28841225",
        "type": "github"
      },
      "original": {
        "owner": "rafaelmardojai",
        "repo": "firefox-gnome-theme",
        "type": "github"
      }
    },
    "flake-compat": {
      "flake": false,
      "locked": {
        "lastModified": 1767039857,
        "narHash": "sha256-vNpUSpF5Nuw8xvDLj2KCwwksIbjua2LZCqhV1LNRDns=",
        "owner": "NixOS",
        "repo": "flake-compat",
        "rev": "5edf11c44bc78a0d334f6334cdaf7d60d732daab",
        "type": "github"
      },
      "original": {
        "owner": "NixOS",
        "repo": "flake-compat",
        "type": "github"
      }
    },
    "flake-parts": {
      "inputs": {
        "nixpkgs-lib": "nixpkgs-lib"
      },
      "locked": {
        "lastModified": 1778716662,
        "narHash": "sha256-m1Yf0wZ8j1OHjTc2UwHwyQRSnNeSgLJOd7q5Y45hzi4=",
        "owner": "hercules-ci",
        "repo": "flake-parts",
        "rev": "f7c1a2d347e4c52d5fb8d10cb4d94b5884e546fb",
        "type": "github"
      },
      "original": {
        "owner": "hercules-ci",
        "repo": "flake-parts",
        "type": "github"
      }
    },
    "flake-parts_2": {
      "inputs": {
        "nixpkgs-lib": [
          "anyrun",
          "nixpkgs"
        ]
      },
      "locked": {
        "lastModified": 1763759067,
        "narHash": "sha256-LlLt2Jo/gMNYAwOgdRQBrsRoOz7BPRkzvNaI/fzXi2Q=",
        "owner": "hercules-ci",
        "repo": "flake-parts",
        "rev": "2cccadc7357c0ba201788ae99c4dfa90728ef5e0",
        "type": "github"
      },
      "original": {
        "owner": "hercules-ci",
        "repo": "flake-parts",
        "type": "github"
      }
    },
    "flake-parts_3": {
      "inputs": {
        "nixpkgs-lib": "nixpkgs-lib_2"
      },
      "locked": {
        "lastModified": 1778716662,
        "narHash": "sha256-m1Yf0wZ8j1OHjTc2UwHwyQRSnNeSgLJOd7q5Y45hzi4=",
        "owner": "hercules-ci",
        "repo": "flake-parts",
        "rev": "f7c1a2d347e4c52d5fb8d10cb4d94b5884e546fb",
        "type": "github"
      },
      "original": {
        "owner": "hercules-ci",
        "repo": "flake-parts",
        "type": "github"
      }
    },
    "flake-parts_4": {
      "inputs": {
        "nixpkgs-lib": "nixpkgs-lib_3"
      },
      "locked": {
        "lastModified": 1787559586,
        "narHash": "sha256-onL0VLf9vPllmT0H/OlURIU5r5t5WIEl7t4tVNKT0Nw=",
        "owner": "hercules-ci",
        "repo": "flake-parts",
        "rev": "9d0d87172c374f89da73c1cfe6d81ae62feac1f1",
        "type": "github"
      },
      "original": {
        "owner": "hercules-ci",
        "repo": "flake-parts",
        "type": "github"
      }
    },
    "flake-parts_5": {
      "inputs": {
        "nixpkgs-lib": "nixpkgs-lib_4"
      },
      "locked": {
        "lastModified": 1777988971,
        "narHash": "sha256-qIoWPDs+0/8JecyYgE3gpKQxW/4bLW/gp45vow9ioCQ=",
        "owner": "hercules-ci",
        "repo": "flake-parts",
        "rev": "0678d8986be1661af6bb555f3489f2fdfc31f6ff",
        "type": "github"
      },
      "original": {
        "owner": "hercules-ci",
        "repo": "flake-parts",
        "type": "github"
      }
    },
    "flake-parts_6": {
      "inputs": {
        "nixpkgs-lib": [
          "stylix",
          "nixpkgs"
        ]
      },
      "locked": {
        "lastModified": 1782949081,
        "narHash": "sha256-vp6Y/Grm98ESt6ceOkWiHWyZRDV3J1RID4w+6NWK9yA=",
        "owner": "hercules-ci",
        "repo": "flake-parts",
        "rev": "17c9d6cdfc60c64f4ee8d306f9bc0b4ccb51481e",
        "type": "github"
      },
      "original": {
        "owner": "hercules-ci",
        "repo": "flake-parts",
        "type": "github"
      }
    },
    "flake-parts_7": {
      "inputs": {
        "nixpkgs-lib": "nixpkgs-lib_5"
      },
      "locked": {
        "lastModified": 1777988971,
        "narHash": "sha256-qIoWPDs+0/8JecyYgE3gpKQxW/4bLW/gp45vow9ioCQ=",
        "owner": "hercules-ci",
        "repo": "flake-parts",
        "rev": "0678d8986be1661af6bb555f3489f2fdfc31f6ff",
        "type": "github"
      },
      "original": {
        "owner": "hercules-ci",
        "repo": "flake-parts",
        "type": "github"
      }
    },
    "flake-utils": {
      "inputs": {
        "systems": "systems_3"
      },
      "locked": {
        "lastModified": 1731533236,
        "narHash": "sha256-l0KFg5HjrsfsO/JpG+r7fRrqm12kzFHyUHqHCVpMMbI=",
        "owner": "numtide",
        "repo": "flake-utils",
        "rev": "11707dc2f618dd54ca8739b309ec4fc024de578b",
        "type": "github"
      },
      "original": {
        "owner": "numtide",
        "repo": "flake-utils",
        "type": "github"
      }
    },
    "fromYaml": {
      "flake": false,
      "locked": {
        "lastModified": 1731966426,
        "narHash": "sha256-lq95WydhbUTWig/JpqiB7oViTcHFP8Lv41IGtayokA8=",
        "owner": "SenchoPens",
        "repo": "fromYaml",
        "rev": "106af9e2f715e2d828df706c386a685698f3223b",
        "type": "github"
      },
      "original": {
        "owner": "SenchoPens",
        "repo": "fromYaml",
        "type": "github"
      }
    },
    "gnome-shell": {
      "flake": false,
      "locked": {
        "host": "gitlab.gnome.org",
        "lastModified": 1776175984,
        "narHash": "sha256-RJFlFW8GiMei6oqUGrMkGEvVqOH8U7Q8abc1yK4VKD8=",
        "owner": "GNOME",
        "repo": "gnome-shell",
        "rev": "e0fdc4c13250e9a9b8ea9594c83925274f4a5dca",
        "type": "gitlab"
      },
      "original": {
        "host": "gitlab.gnome.org",
        "owner": "GNOME",
        "ref": "50.1",
        "repo": "gnome-shell",
        "type": "gitlab"
      }
    },
    "goup-rs": {
      "inputs": {
        "flake-parts": "flake-parts_5",
        "nixpkgs": [
          "nixpkgs"
        ],
        "rust-overlay": "rust-overlay_3"
      },
      "locked": {
        "lastModified": 1787895336,
        "narHash": "sha256-SwSLh+xL495uzL8Gw5my4Iq3ZSHE2vPiccI1HExQ88s=",
        "owner": "thinkgos",
        "repo": "goup-rs",
        "rev": "9baffc8bc98c001cf984d176abd8edd1c35c7200",
        "type": "github"
      },
      "original": {
        "owner": "thinkgos",
        "repo": "goup-rs",
        "type": "github"
      }
    },
    "home-manager": {
      "inputs": {
        "nixpkgs": [
          "nixpkgs"
        ]
      },
      "locked": {
        "lastModified": 1787797243,
        "narHash": "sha256-8+Q7NOB7RPajRjA4pbCDLzqH+MTjnG9x6LUPLfL2joA=",
        "owner": "nix-community",
        "repo": "home-manager",
        "rev": "99c9ec63390f1d8c14d95d9e8b17cc29cfbd4e11",
        "type": "github"
      },
      "original": {
        "owner": "nix-community",
        "repo": "home-manager",
        "type": "github"
      }
    },
    "hypr-kcs": {
      "inputs": {
        "nixpkgs": "nixpkgs"
      },
      "locked": {
        "lastModified": 1778336797,
        "narHash": "sha256-PVqOgIx3MxBV1digU3nZzM8FFfIebpml4UqWpNj9jEo=",
        "owner": "kosa12",
        "repo": "hyprKCS",
        "rev": "6319243ebf8da4b8456f49d36f07b5c24e032548",
        "type": "github"
      },
      "original": {
        "owner": "kosa12",
        "repo": "hyprKCS",
        "type": "github"
      }
    },
    "hyprcursor": {
      "inputs": {
        "hyprlang": [
          "hyprland",
          "hyprlang"
        ],
        "nixpkgs": [
          "hyprland",
          "nixpkgs"
        ],
        "systems": [
          "hyprland",
          "systems"
        ]
      },
      "locked": {
        "lastModified": 1786464181,
        "narHash": "sha256-2alOMkLjXANh7unkZnYnCF2K2rApZaOLMoQ3o+VX2CY=",
        "owner": "hyprwm",
        "repo": "hyprcursor",
        "rev": "e4ed7c08123df5af460a0a70961380cbfb872f76",
        "type": "github"
      },
      "original": {
        "owner": "hyprwm",
        "repo": "hyprcursor",
        "type": "github"
      }
    },
    "hyprgraphics": {
      "inputs": {
        "hyprutils": [
          "hyprland",
          "hyprutils"
        ],
        "nixpkgs": [
          "hyprland",
          "nixpkgs"
        ],
        "systems": [
          "hyprland",
          "systems"
        ]
      },
      "locked": {
        "lastModified": 1786464367,
        "narHash": "sha256-k58p4wbzIXWyRWrW84pP8tD+iaZSSYiiM+fr0Auk4oU=",
        "owner": "hyprwm",
        "repo": "hyprgraphics",
        "rev": "7c895c44e3ca6d28ed68ddd80ec02b02b925e7fc",
        "type": "github"
      },
      "original": {
        "owner": "hyprwm",
        "repo": "hyprgraphics",
        "type": "github"
      }
    },
    "hyprland": {
      "inputs": {
        "aquamarine": "aquamarine",
        "hyprcursor": "hyprcursor",
        "hyprgraphics": "hyprgraphics",
        "hyprland-guiutils": "hyprland-guiutils",
        "hyprland-protocols": "hyprland-protocols",
        "hyprlang": "hyprlang",
        "hyprutils": "hyprutils",
        "hyprwayland-scanner": "hyprwayland-scanner",
        "hyprwire": "hyprwire",
        "nixpkgs": [
          "nixpkgs"
        ],
        "pre-commit-hooks": "pre-commit-hooks",
        "systems": "systems_2",
        "xdph": "xdph"
      },
      "locked": {
        "lastModified": 1788100302,
        "narHash": "sha256-21MFGYEl3m5SjN9kZGKb+gELVLlMCF1DkbwHqHzSK1w=",
        "owner": "hyprwm",
        "repo": "Hyprland",
        "rev": "86c24e2e079aa62214421c76f01b603fc8178125",
        "type": "github"
      },
      "original": {
        "owner": "hyprwm",
        "repo": "Hyprland",
        "type": "github"
      }
    },
    "hyprland-guiutils": {
      "inputs": {
        "aquamarine": [
          "hyprland",
          "aquamarine"
        ],
        "hyprgraphics": [
          "hyprland",
          "hyprgraphics"
        ],
        "hyprlang": [
          "hyprland",
          "hyprlang"
        ],
        "hyprtoolkit": "hyprtoolkit",
        "hyprutils": [
          "hyprland",
          "hyprutils"
        ],
        "hyprwayland-scanner": [
          "hyprland",
          "hyprwayland-scanner"
        ],
        "nixpkgs": [
          "hyprland",
          "nixpkgs"
        ],
        "systems": [
          "hyprland",
          "systems"
        ]
      },
      "locked": {
        "lastModified": 1786464504,
        "narHash": "sha256-7sHwM86KILQyHDHDuE2SDBlQ2jvZ0EW3hY7sW009/cg=",
        "owner": "hyprwm",
        "repo": "hyprland-guiutils",
        "rev": "4c30cf3097ea963c0e250749ee0c59f8b08816d6",
        "type": "github"
      },
      "original": {
        "owner": "hyprwm",
        "repo": "hyprland-guiutils",
        "type": "github"
      }
    },
    "hyprland-protocols": {
      "inputs": {
        "nixpkgs": [
          "hyprland",
          "nixpkgs"
        ],
        "systems": [
          "hyprland",
          "systems"
        ]
      },
      "locked": {
        "lastModified": 1772460177,
        "narHash": "sha256-/6G/MsPvtn7bc4Y32pserBT/Z4SUUdBd4XYJpOEKVR4=",
        "owner": "hyprwm",
        "repo": "hyprland-protocols",
        "rev": "1cb6db5fd6bb8aee419f4457402fa18293ace917",
        "type": "github"
      },
      "original": {
        "owner": "hyprwm",
        "repo": "hyprland-protocols",
        "type": "github"
      }
    },
    "hyprlang": {
      "inputs": {
        "hyprutils": [
          "hyprland",
          "hyprutils"
        ],
        "nixpkgs": [
          "hyprland",
          "nixpkgs"
        ],
        "systems": [
          "hyprland",
          "systems"
        ]
      },
      "locked": {
        "lastModified": 1786464129,
        "narHash": "sha256-339AkTlpMYSIvFuG0rnR+8Yg4/AZKeJalshJavlnKfg=",
        "owner": "hyprwm",
        "repo": "hyprlang",
        "rev": "9508458be316a0d70d37ebed1ab725ccd10411ff",
        "type": "github"
      },
      "original": {
        "owner": "hyprwm",
        "repo": "hyprlang",
        "type": "github"
      }
    },
    "hyprtoolkit": {
      "inputs": {
        "aquamarine": [
          "hyprland",
          "hyprland-guiutils",
          "aquamarine"
        ],
        "hyprgraphics": [
          "hyprland",
          "hyprland-guiutils",
          "hyprgraphics"
        ],
        "hyprlang": [
          "hyprland",
          "hyprland-guiutils",
          "hyprlang"
        ],
        "hyprutils": [
          "hyprland",
          "hyprland-guiutils",
          "hyprutils"
        ],
        "hyprwayland-scanner": [
          "hyprland",
          "hyprland-guiutils",
          "hyprwayland-scanner"
        ],
        "nixpkgs": [
          "hyprland",
          "hyprland-guiutils",
          "nixpkgs"
        ],
        "systems": [
          "hyprland",
          "hyprland-guiutils",
          "systems"
        ]
      },
      "locked": {
        "lastModified": 1785930473,
        "narHash": "sha256-DitTu625BhEYpZjtjxtGpjrEJwPwW+X/+jJvhSZNSJM=",
        "owner": "hyprwm",
        "repo": "hyprtoolkit",
        "rev": "af515b69dfbe366dc7873aa1475cb2f4db3ebad7",
        "type": "github"
      },
      "original": {
        "owner": "hyprwm",
        "repo": "hyprtoolkit",
        "type": "github"
      }
    },
    "hyprutils": {
      "inputs": {
        "nixpkgs": [
          "hyprland",
          "nixpkgs"
        ],
        "systems": [
          "hyprland",
          "systems"
        ]
      },
      "locked": {
        "lastModified": 1786903207,
        "narHash": "sha256-QTwMqLLONRhv9iz6CVeuX6BqQNQCIqI8hL/cPYlR/24=",
        "owner": "hyprwm",
        "repo": "hyprutils",
        "rev": "6cf50415e06dc6bd9f1252f1b745eac6b4a1cc39",
        "type": "github"
      },
      "original": {
        "owner": "hyprwm",
        "repo": "hyprutils",
        "type": "github"
      }
    },
    "hyprwayland-scanner": {
      "inputs": {
        "nixpkgs": [
          "hyprland",
          "nixpkgs"
        ],
        "systems": [
          "hyprland",
          "systems"
        ]
      },
      "locked": {
        "lastModified": 1786464033,
        "narHash": "sha256-QM8Qe4/L8lpdVN4bgwahmi+jyyc4fisseDMe4afcDxA=",
        "owner": "hyprwm",
        "repo": "hyprwayland-scanner",
        "rev": "62e62c1ca23da17612c6890d4ad2064f575643db",
        "type": "github"
      },
      "original": {
        "owner": "hyprwm",
        "repo": "hyprwayland-scanner",
        "type": "github"
      }
    },
    "hyprwire": {
      "inputs": {
        "hyprutils": [
          "hyprland",
          "hyprutils"
        ],
        "nixpkgs": [
          "hyprland",
          "nixpkgs"
        ],
        "systems": [
          "hyprland",
          "systems"
        ]
      },
      "locked": {
        "lastModified": 1786464294,
        "narHash": "sha256-ZQsZ2WvBdkboCIyh8LStDPdAIARmxzn0XMNxxoOhjPE=",
        "owner": "hyprwm",
        "repo": "hyprwire",
        "rev": "4ce7cd6b6128c1ac41caf23c58a30a26b327f9dd",
        "type": "github"
      },
      "original": {
        "owner": "hyprwm",
        "repo": "hyprwire",
        "type": "github"
      }
    },
    "ie-r": {
      "inputs": {
        "nixpkgs": [
          "nixpkgs"
        ],
        "rust-overlay": "rust-overlay_4"
      },
      "locked": {
        "lastModified": 1786247721,
        "narHash": "sha256-KrQsfmSJw2ET3ABpfDlArTcocX3C75mpxxmgVEvUdak=",
        "owner": "miaupaw",
        "repo": "ie-r",
        "rev": "016b62ecb21f3e0cf900b5907aba52ce5608c062",
        "type": "github"
      },
      "original": {
        "owner": "miaupaw",
        "repo": "ie-r",
        "type": "github"
      }
    },
    "kache": {
      "inputs": {
        "nixpkgs": [
          "nixpkgs"
        ],
        "rust-overlay": "rust-overlay_5",
        "treefmt-nix": "treefmt-nix"
      },
      "locked": {
        "lastModified": 1788115323,
        "narHash": "sha256-5et82R94Ol3fsgPjhShcEaFcLu15YvUHl4rVkvUSsyU=",
        "owner": "kunobi-ninja",
        "repo": "kache",
        "rev": "40cbdbae64ab3e63bff060aa7352f4b628a462e0",
        "type": "github"
      },
      "original": {
        "owner": "kunobi-ninja",
        "repo": "kache",
        "type": "github"
      }
    },
    "lan-mouse": {
      "inputs": {
        "nixpkgs": "nixpkgs_3",
        "rust-overlay": "rust-overlay_6"
      },
      "locked": {
        "lastModified": 1782656559,
        "narHash": "sha256-i2xXiqLOnCNfwZnbrm1teVlTTA1HQ0IRVPXEiyiQtpU=",
        "owner": "feschber",
        "repo": "lan-mouse",
        "rev": "392af44cbe06a7a591db86856ad6ed2aa83958d8",
        "type": "github"
      },
      "original": {
        "owner": "feschber",
        "repo": "lan-mouse",
        "type": "github"
      }
    },
    "niri": {
      "inputs": {
        "niri-stable": "niri-stable",
        "niri-unstable": "niri-unstable",
        "nixpkgs": [
          "nixpkgs"
        ],
        "nixpkgs-stable": "nixpkgs-stable",
        "xwayland-satellite-stable": "xwayland-satellite-stable",
        "xwayland-satellite-unstable": "xwayland-satellite-unstable"
      },
      "locked": {
        "lastModified": 1785857305,
        "narHash": "sha256-25q05zpF1sqOCxPPUG9DPPGd+EDW7SiAOWCzBWRS7r0=",
        "owner": "sodiboo",
        "repo": "niri-flake",
        "rev": "9ee3e13b60643448228353097880521658b2fe0e",
        "type": "github"
      },
      "original": {
        "owner": "sodiboo",
        "repo": "niri-flake",
        "type": "github"
      }
    },
    "niri-stable": {
      "flake": false,
      "locked": {
        "lastModified": 1756556321,
        "narHash": "sha256-RLD89dfjN0RVO86C/Mot0T7aduCygPGaYbog566F0Qo=",
        "owner": "YaLTeR",
        "repo": "niri",
        "rev": "01be0e65f4eb91a9cd624ac0b76aaeab765c7294",
        "type": "github"
      },
      "original": {
        "owner": "YaLTeR",
        "ref": "v25.08",
        "repo": "niri",
        "type": "github"
      }
    },
    "niri-unstable": {
      "flake": false,
      "locked": {
        "lastModified": 1785701241,
        "narHash": "sha256-ircVOzPWRircI39ac/tqJajr5OoJxEVrDlBb05TULEk=",
        "owner": "YaLTeR",
        "repo": "niri",
        "rev": "feb3e43f1475e0865bb89cbd1e898b34d1d2ccf6",
        "type": "github"
      },
      "original": {
        "owner": "YaLTeR",
        "repo": "niri",
        "type": "github"
      }
    },
    "nirimod": {
      "inputs": {
        "nixpkgs": [
          "nixpkgs"
        ]
      },
      "locked": {
        "lastModified": 1785690854,
        "narHash": "sha256-taHvAqDjemBHzFYCXjAVD2xZbIdsQxcXXlPq6Ebbio4=",
        "owner": "srinivasr",
        "repo": "nirimod",
        "rev": "7a449c8451bd171d3c1d4281afc61f9d9f3ed86d",
        "type": "github"
      },
      "original": {
        "owner": "srinivasr",
        "repo": "nirimod",
        "type": "github"
      }
    },
    "nixpkgs": {
      "locked": {
        "lastModified": 1767767207,
        "narHash": "sha256-Mj3d3PfwltLmukFal5i3fFt27L6NiKXdBezC1EBuZs4=",
        "owner": "NixOS",
        "repo": "nixpkgs",
        "rev": "5912c1772a44e31bf1c63c0390b90501e5026886",
        "type": "github"
      },
      "original": {
        "owner": "NixOS",
        "ref": "nixos-unstable",
        "repo": "nixpkgs",
        "type": "github"
      }
    },
    "nixpkgs-lib": {
      "locked": {
        "lastModified": 1777168982,
        "narHash": "sha256-GOkGPcboWE9BmGCRMLX3worL4EMnsnG8MyKmXNeYuhQ=",
        "owner": "nix-community",
        "repo": "nixpkgs.lib",
        "rev": "f5901329dade4a6ea039af1433fb087bd9c1fe14",
        "type": "github"
      },
      "original": {
        "owner": "nix-community",
        "repo": "nixpkgs.lib",
        "type": "github"
      }
    },
    "nixpkgs-lib_2": {
      "locked": {
        "lastModified": 1780195591,
        "narHash": "sha256-/LAL+E75c0ioCHxyVFGwzXorfuHzToKgqPUCRq4RTIY=",
        "owner": "nix-community",
        "repo": "nixpkgs.lib",
        "rev": "49d924421d7c3175edc499fdc738bd70d69d97d5",
        "type": "github"
      },
      "original": {
        "owner": "nix-community",
        "repo": "nixpkgs.lib",
        "type": "github"
      }
    },
    "nixpkgs-lib_3": {
      "locked": {
        "lastModified": 1785031560,
        "narHash": "sha256-OmshNvn2vupOFpYinLUu+1Dnpu4n7Q5N3ggGVNHpkUI=",
        "owner": "nix-community",
        "repo": "nixpkgs.lib",
        "rev": "0e79af5e3d4dcfcd676ab5ba3f95d2e3352e078c",
        "type": "github"
      },
      "original": {
        "owner": "nix-community",
        "repo": "nixpkgs.lib",
        "type": "github"
      }
    },
    "nixpkgs-lib_4": {
      "locked": {
        "lastModified": 1777168982,
        "narHash": "sha256-GOkGPcboWE9BmGCRMLX3worL4EMnsnG8MyKmXNeYuhQ=",
        "owner": "nix-community",
        "repo": "nixpkgs.lib",
        "rev": "f5901329dade4a6ea039af1433fb087bd9c1fe14",
        "type": "github"
      },
      "original": {
        "owner": "nix-community",
        "repo": "nixpkgs.lib",
        "type": "github"
      }
    },
    "nixpkgs-lib_5": {
      "locked": {
        "lastModified": 1777168982,
        "narHash": "sha256-GOkGPcboWE9BmGCRMLX3worL4EMnsnG8MyKmXNeYuhQ=",
        "owner": "nix-community",
        "repo": "nixpkgs.lib",
        "rev": "f5901329dade4a6ea039af1433fb087bd9c1fe14",
        "type": "github"
      },
      "original": {
        "owner": "nix-community",
        "repo": "nixpkgs.lib",
        "type": "github"
      }
    },
    "nixpkgs-stable": {
      "locked": {
        "lastModified": 1782847189,
        "narHash": "sha256-twXPFqFsrrY5r28Zh7Homgcp2gUMBgQ6WDS98Q/3xFI=",
        "owner": "NixOS",
        "repo": "nixpkgs",
        "rev": "b6018f87da91d19d0ab4cf979885689b469cdd41",
        "type": "github"
      },
      "original": {
        "owner": "NixOS",
        "ref": "nixos-25.11",
        "repo": "nixpkgs",
        "type": "github"
      }
    },
    "nixpkgs_2": {
      "locked": {
        "lastModified": 1744536153,
        "narHash": "sha256-awS2zRgF4uTwrOKwwiJcByDzDOdo3Q1rPZbiHQg/N38=",
        "owner": "NixOS",
        "repo": "nixpkgs",
        "rev": "18dd725c29603f582cf1900e0d25f9f1063dbf11",
        "type": "github"
      },
      "original": {
        "owner": "NixOS",
        "ref": "nixpkgs-unstable",
        "repo": "nixpkgs",
        "type": "github"
      }
    },
    "nixpkgs_3": {
      "locked": {
        "lastModified": 1772963539,
        "narHash": "sha256-9jVDGZnvCckTGdYT53d/EfznygLskyLQXYwJLKMPsZs=",
        "owner": "nixos",
        "repo": "nixpkgs",
        "rev": "9dcb002ca1690658be4a04645215baea8b95f31d",
        "type": "github"
      },
      "original": {
        "owner": "nixos",
        "ref": "nixos-unstable",
        "repo": "nixpkgs",
        "type": "github"
      }
    },
    "nixpkgs_4": {
      "locked": {
        "lastModified": 1788039129,
        "narHash": "sha256-pa4Q0qErvCvzCaaUph7Sm37RhR4xvPrYI8Lgz6k85+A=",
        "owner": "nixos",
        "repo": "nixpkgs",
        "rev": "d2f67949798825fe853f7c5d0492b8bf016d3f88",
        "type": "github"
      },
      "original": {
        "owner": "nixos",
        "ref": "nixos-unstable",
        "repo": "nixpkgs",
        "type": "github"
      }
    },
    "nur": {
      "inputs": {
        "flake-parts": [
          "stylix",
          "flake-parts"
        ],
        "nixpkgs": [
          "stylix",
          "nixpkgs"
        ]
      },
      "locked": {
        "lastModified": 1785549842,
        "narHash": "sha256-DCwBZmGsySF7oKGTRgEv2HvpxVXkHT+38VhTM76k0B4=",
        "owner": "nix-community",
        "repo": "NUR",
        "rev": "a9f987b57594e845e3e5cdd423b9a70846d70308",
        "type": "github"
      },
      "original": {
        "owner": "nix-community",
        "repo": "NUR",
        "type": "github"
      }
    },
    "phonto": {
      "inputs": {
        "flake-utils": "flake-utils",
        "nixpkgs": [
          "nixpkgs"
        ],
        "rust-overlay": "rust-overlay_7"
      },
      "locked": {
        "lastModified": 1783456022,
        "narHash": "sha256-58K8lOiwu5s0Y3NifdoLOg38nCxdDdX8oG5zmo8Fj0Y=",
        "owner": "museslabs",
        "repo": "phonto",
        "rev": "9eaa162135626d22617bca1bdbedb52567d76074",
        "type": "github"
      },
      "original": {
        "owner": "museslabs",
        "repo": "phonto",
        "type": "github"
      }
    },
    "piri": {
      "inputs": {
        "nixpkgs": [
          "nixpkgs"
        ]
      },
      "locked": {
        "lastModified": 1787823289,
        "narHash": "sha256-pEZYmm4iYpS+LEBrstUNfIgAZm1VlI2S+7W41BLhoGk=",
        "owner": "Asthestarsfalll",
        "repo": "piri",
        "rev": "fdfa170eee55af03e21d3626901ad7f45c3a8197",
        "type": "github"
      },
      "original": {
        "owner": "Asthestarsfalll",
        "repo": "piri",
        "type": "github"
      }
    },
    "pre-commit-hooks": {
      "inputs": {
        "flake-compat": "flake-compat",
        "nixpkgs": [
          "hyprland",
          "nixpkgs"
        ]
      },
      "locked": {
        "lastModified": 1787424939,
        "narHash": "sha256-O2tBn84NNuHrnqNVxx/XqsXwfYvS1YwBh+7CBnbCYsk=",
        "owner": "cachix",
        "repo": "git-hooks.nix",
        "rev": "809414f0cdadf82cf11b06c2b29ba9b3168b3297",
        "type": "github"
      },
      "original": {
        "owner": "cachix",
        "repo": "git-hooks.nix",
        "type": "github"
      }
    },
    "root": {
      "inputs": {
        "CCometixLine": "CCometixLine",
        "anyrun": "anyrun",
        "anyrun-plugins": "anyrun-plugins",
        "flake-parts": "flake-parts_4",
        "goup-rs": "goup-rs",
        "home-manager": "home-manager",
        "hypr-kcs": "hypr-kcs",
        "hyprland": "hyprland",
        "ie-r": "ie-r",
        "kache": "kache",
        "lan-mouse": "lan-mouse",
        "niri": "niri",
        "nirimod": "nirimod",
        "nixpkgs": "nixpkgs_4",
        "phonto": "phonto",
        "piri": "piri",
        "stylix": "stylix",
        "wayscrollshot": "wayscrollshot"
      }
    },
    "rust-overlay": {
      "inputs": {
        "nixpkgs": [
          "CCometixLine",
          "nixpkgs"
        ]
      },
      "locked": {
        "lastModified": 1782012058,
        "narHash": "sha256-9mWUnReOUXfKjZuJAL/bAFH3LUyECTRtXgSNVjRw3UY=",
        "owner": "oxalica",
        "repo": "rust-overlay",
        "rev": "8534567325bd8a8d2928e6afd81e0a87d19efd3c",
        "type": "github"
      },
      "original": {
        "owner": "oxalica",
        "repo": "rust-overlay",
        "type": "github"
      }
    },
    "rust-overlay_2": {
      "inputs": {
        "nixpkgs": [
          "anyrun-plugins",
          "nixpkgs"
        ]
      },
      "locked": {
        "lastModified": 1780456895,
        "narHash": "sha256-CvRZn3Ut0scqLJ1xwQFkZwKGVBUUNBPrFVXRTMZpbfU=",
        "owner": "oxalica",
        "repo": "rust-overlay",
        "rev": "7cc96a6a3fd6613cafd633250a3934483479b9a1",
        "type": "github"
      },
      "original": {
        "owner": "oxalica",
        "repo": "rust-overlay",
        "type": "github"
      }
    },
    "rust-overlay_3": {
      "inputs": {
        "nixpkgs": [
          "goup-rs",
          "nixpkgs"
        ]
      },
      "locked": {
        "lastModified": 1778210054,
        "narHash": "sha256-iYINsX0BVDxTXd0z4FzDpBYHZ9fWUtwjG9cKSXwe9Tg=",
        "owner": "oxalica",
        "repo": "rust-overlay",
        "rev": "bc83d66023d19fb301ee98772643b24b6129ef48",
        "type": "github"
      },
      "original": {
        "owner": "oxalica",
        "repo": "rust-overlay",
        "type": "github"
      }
    },
    "rust-overlay_4": {
      "inputs": {
        "nixpkgs": "nixpkgs_2"
      },
      "locked": {
        "lastModified": 1785736145,
        "narHash": "sha256-DauSP0ACycrq3MEEmDz/Scsxhs9TPBTexwKbTuE8Bw8=",
        "owner": "oxalica",
        "repo": "rust-overlay",
        "rev": "292249772330735cb32b90dedf44feddec40e7d0",
        "type": "github"
      },
      "original": {
        "owner": "oxalica",
        "repo": "rust-overlay",
        "type": "github"
      }
    },
    "rust-overlay_5": {
      "inputs": {
        "nixpkgs": [
          "kache",
          "nixpkgs"
        ]
      },
      "locked": {
        "lastModified": 1779992051,
        "narHash": "sha256-4YWGv/0NkAdtTW1MXfaLYpfC9BhpCy9k1pWkR0xI9uw=",
        "owner": "oxalica",
        "repo": "rust-overlay",
        "rev": "e93ad0df1073b2c969a8f0c1f10b84e870469d40",
        "type": "github"
      },
      "original": {
        "owner": "oxalica",
        "repo": "rust-overlay",
        "type": "github"
      }
    },
    "rust-overlay_6": {
      "inputs": {
        "nixpkgs": [
          "lan-mouse",
          "nixpkgs"
        ]
      },
      "locked": {
        "lastModified": 1773025773,
        "narHash": "sha256-Wik8+xApNfldpUFjPmJkPdg0RrvUPSWGIZis+A/0N1w=",
        "owner": "oxalica",
        "repo": "rust-overlay",
        "rev": "3c06fdbbd36ff60386a1e590ee0cd52dcd1892bf",
        "type": "github"
      },
      "original": {
        "owner": "oxalica",
        "repo": "rust-overlay",
        "type": "github"
      }
    },
    "rust-overlay_7": {
      "inputs": {
        "nixpkgs": [
          "phonto",
          "nixpkgs"
        ]
      },
      "locked": {
        "lastModified": 1779160702,
        "narHash": "sha256-frUihZLlBLdcFN95mq5QiQmxF2M16nxtmw1GH4rhZmg=",
        "owner": "oxalica",
        "repo": "rust-overlay",
        "rev": "8cd592658d4448c57326aaa819e1c2f91086eb40",
        "type": "github"
      },
      "original": {
        "owner": "oxalica",
        "repo": "rust-overlay",
        "type": "github"
      }
    },
    "rust-overlay_8": {
      "inputs": {
        "nixpkgs": [
          "wayscrollshot",
          "nixpkgs"
        ]
      },
      "locked": {
        "lastModified": 1778210054,
        "narHash": "sha256-iYINsX0BVDxTXd0z4FzDpBYHZ9fWUtwjG9cKSXwe9Tg=",
        "owner": "oxalica",
        "repo": "rust-overlay",
        "rev": "bc83d66023d19fb301ee98772643b24b6129ef48",
        "type": "github"
      },
      "original": {
        "owner": "oxalica",
        "repo": "rust-overlay",
        "type": "github"
      }
    },
    "stylix": {
      "inputs": {
        "base16": "base16",
        "base16-fish": "base16-fish",
        "base16-helix": "base16-helix",
        "base16-vim": "base16-vim",
        "firefox-gnome-theme": "firefox-gnome-theme",
        "flake-parts": "flake-parts_6",
        "gnome-shell": "gnome-shell",
        "nixpkgs": [
          "nixpkgs"
        ],
        "nur": "nur",
        "systems": "systems_4",
        "tinted-kitty": "tinted-kitty",
        "tinted-schemes": "tinted-schemes",
        "tinted-tmux": "tinted-tmux",
        "tinted-zed": "tinted-zed"
      },
      "locked": {
        "lastModified": 1787771653,
        "narHash": "sha256-DkkJSBOXWV/mja5Vy8az5g1KpZlsbUwlmH0BsQhowaQ=",
        "owner": "nix-community",
        "repo": "stylix",
        "rev": "5e3809851f486e7fc7e84b40f174c74b60ecc784",
        "type": "github"
      },
      "original": {
        "owner": "nix-community",
        "repo": "stylix",
        "type": "github"
      }
    },
    "systems": {
      "locked": {
        "lastModified": 1689347949,
        "narHash": "sha256-12tWmuL2zgBgZkdoB6qXZsgJEH9LR3oUgpaQq2RbI80=",
        "owner": "nix-systems",
        "repo": "default-linux",
        "rev": "31732fcf5e8fea42e59c2488ad31a0e651500f68",
        "type": "github"
      },
      "original": {
        "owner": "nix-systems",
        "repo": "default-linux",
        "type": "github"
      }
    },
    "systems_2": {
      "locked": {
        "lastModified": 1689347949,
        "narHash": "sha256-12tWmuL2zgBgZkdoB6qXZsgJEH9LR3oUgpaQq2RbI80=",
        "owner": "nix-systems",
        "repo": "default-linux",
        "rev": "31732fcf5e8fea42e59c2488ad31a0e651500f68",
        "type": "github"
      },
      "original": {
        "owner": "nix-systems",
        "repo": "default-linux",
        "type": "github"
      }
    },
    "systems_3": {
      "locked": {
        "lastModified": 1681028828,
        "narHash": "sha256-Vy1rq5AaRuLzOxct8nz4T6wlgyUR7zLU309k9mBC768=",
        "owner": "nix-systems",
        "repo": "default",
        "rev": "da67096a3b9bf56a91d16901293e51ba5b49a27e",
        "type": "github"
      },
      "original": {
        "owner": "nix-systems",
        "repo": "default",
        "type": "github"
      }
    },
    "systems_4": {
      "locked": {
        "lastModified": 1774449309,
        "narHash": "sha256-brhZ8DmuGtzkCYHJg4HEd602amKm89Y9ytsFZ5uWD1w=",
        "owner": "nix-systems",
        "repo": "default",
        "rev": "c29398b59d2048c4ab79345812849c9bd15e9150",
        "type": "github"
      },
      "original": {
        "owner": "nix-systems",
        "ref": "future-26.11",
        "repo": "default",
        "type": "github"
      }
    },
    "tinted-kitty": {
      "flake": false,
      "locked": {
        "lastModified": 1735730497,
        "narHash": "sha256-4KtB+FiUzIeK/4aHCKce3V9HwRvYaxX+F1edUrfgzb8=",
        "owner": "tinted-theming",
        "repo": "tinted-kitty",
        "rev": "de6f888497f2c6b2279361bfc790f164bfd0f3fa",
        "type": "github"
      },
      "original": {
        "owner": "tinted-theming",
        "repo": "tinted-kitty",
        "type": "github"
      }
    },
    "tinted-schemes": {
      "flake": false,
      "locked": {
        "lastModified": 1785153830,
        "narHash": "sha256-fNdfCTeCXU3tZG3TMincd+u68qBHQgCr2Ljr/M1mWP0=",
        "owner": "tinted-theming",
        "repo": "schemes",
        "rev": "9bd28ed313560db3c5b605c63bc4e309e78e3fc8",
        "type": "github"
      },
      "original": {
        "owner": "tinted-theming",
        "repo": "schemes",
        "type": "github"
      }
    },
    "tinted-tmux": {
      "flake": false,
      "locked": {
        "lastModified": 1785031658,
        "narHash": "sha256-mZp9O2LjzdMzlqQF3l3fjqsuPBzXy+1qTfBEUGjTlpk=",
        "owner": "tinted-theming",
        "repo": "tinted-tmux",
        "rev": "5d2c67f61ea7af36f16865ab6d541cdba41dc257",
        "type": "github"
      },
      "original": {
        "owner": "tinted-theming",
        "repo": "tinted-tmux",
        "type": "github"
      }
    },
    "tinted-zed": {
      "flake": false,
      "locked": {
        "lastModified": 1785030526,
        "narHash": "sha256-klZf8UviewRkxuu74Bhbq6tqy7oxebQC7UVRWbbtQxU=",
        "owner": "tinted-theming",
        "repo": "base16-zed",
        "rev": "16f5a8adf4a6b1310d0a61ab172de963e8f76a02",
        "type": "github"
      },
      "original": {
        "owner": "tinted-theming",
        "repo": "base16-zed",
        "type": "github"
      }
    },
    "treefmt-nix": {
      "inputs": {
        "nixpkgs": [
          "kache",
          "nixpkgs"
        ]
      },
      "locked": {
        "lastModified": 1784369104,
        "narHash": "sha256-47cxbcZODibHv3rELFQ9vZly0vUNkND/atn/U7HLeb0=",
        "owner": "numtide",
        "repo": "treefmt-nix",
        "rev": "df3c0640565d04a0261253cdd89fce78ec50168a",
        "type": "github"
      },
      "original": {
        "owner": "numtide",
        "repo": "treefmt-nix",
        "type": "github"
      }
    },
    "wayscrollshot": {
      "inputs": {
        "flake-parts": "flake-parts_7",
        "nixpkgs": [
          "nixpkgs"
        ],
        "rust-overlay": "rust-overlay_8"
      },
      "locked": {
        "lastModified": 1784092229,
        "narHash": "sha256-naguk54Wsqw6stKOxthpsgd7sHSgO2M5ZQzcEiR+4mI=",
        "owner": "jswysnemc",
        "repo": "wayscrollshot",
        "rev": "e42f3b9e68f0018809ff9d8390ce9d3424c79cf3",
        "type": "github"
      },
      "original": {
        "owner": "jswysnemc",
        "repo": "wayscrollshot",
        "type": "github"
      }
    },
    "xdph": {
      "inputs": {
        "hyprland-protocols": [
          "hyprland",
          "hyprland-protocols"
        ],
        "hyprlang": [
          "hyprland",
          "hyprlang"
        ],
        "hyprutils": [
          "hyprland",
          "hyprutils"
        ],
        "hyprwayland-scanner": [
          "hyprland",
          "hyprwayland-scanner"
        ],
        "nixpkgs": [
          "hyprland",
          "nixpkgs"
        ],
        "systems": [
          "hyprland",
          "systems"
        ]
      },
      "locked": {
        "lastModified": 1786988229,
        "narHash": "sha256-frEFLVRj8xXvBBDs44IRiqHo6R2PxsRpluygL7abjjI=",
        "owner": "hyprwm",
        "repo": "xdg-desktop-portal-hyprland",
        "rev": "59d429bf45aed4e2209043c0c36565ad8e2859a5",
        "type": "github"
      },
      "original": {
        "owner": "hyprwm",
        "repo": "xdg-desktop-portal-hyprland",
        "type": "github"
      }
    },
    "xwayland-satellite-stable": {
      "flake": false,
      "locked": {
        "lastModified": 1755491097,
        "narHash": "sha256-m+9tUfsmBeF2Gn4HWa6vSITZ4Gz1eA1F5Kh62B0N4oE=",
        "owner": "Supreeeme",
        "repo": "xwayland-satellite",
        "rev": "388d291e82ffbc73be18169d39470f340707edaa",
        "type": "github"
      },
      "original": {
        "owner": "Supreeeme",
        "ref": "v0.7",
        "repo": "xwayland-satellite",
        "type": "github"
      }
    },
    "xwayland-satellite-unstable": {
      "flake": false,
      "locked": {
        "lastModified": 1784679892,
        "narHash": "sha256-Mb7jpqnrcYCfNSItIkkHpuR3YxWFxPuIBfcwNKlRBkk=",
        "owner": "Supreeeme",
        "repo": "xwayland-satellite",
        "rev": "8d135d3b2854b30fd01ea6cd6c27e523dd50a839",
        "type": "github"
      },
      "original": {
        "owner": "Supreeeme",
        "repo": "xwayland-satellite",
        "type": "github"
      }
    }
  },
  "root": "root",
  "version": 7
}
